{
  "name": "asp.net",
  "version": "1.0.0",
  "lockfileVersion": 1,
  "requires": true,
  "dependencies": {
    "@syncfusion/ej2-js-es5": {
      "version": "18.4.30",
      "resolved": "https://registry.npmjs.org/@syncfusion/ej2-js-es5/-/ej2-js-es5-18.4.30.tgz",
      "integrity": "sha512-4J8G4CDfrldeYRfLmjuMs4MQ9g0XLpMHvIYin+g9S8bFW6p1qclP+RreXQUf1A/lZeMHJCSN74kXJ24TCgoz4A==",
      "dev": true
    }
  }
}
